
Microsoft Visual Studio Solution File, Format Version 12.00
# Visual Studio 15
VisualStudioVersion = 15.0.27703.2047
MinimumVisualStudioVersion = 10.0.40219.1
Project("{8BC9CEB8-8B4A-11D0-8D11-00A0C91BC942}") = "inrtoocppRobertR", "inrtoocppRobertR\inrtoocppRobertR.vcxproj", "{4A15C1FE-77F9-4D80-A213-B2DC3686A933}"
EndProject
Project("{8BC9CEB8-8B4A-11D0-8D11-00A0C91BC942}") = "Project1", "Project1\Project1.vcxproj", "{F537BD65-0D5F-4FAD-8B8E-9782F9FCE5C5}"
EndProject
Project("{8BC9CEB8-8B4A-11D0-8D11-00A0C91BC942}") = "function-6", "function-6\function-6.vcxproj", "{9981F261-AAE4-4530-80AB-CEE38D03A0D3}"
EndProject
Project("{8BC9CEB8-8B4A-11D0-8D11-00A0C91BC942}") = "week 4 test", "week 4 test\week 4 test.vcxproj", "{BE7EDB1F-42AF-44B9-A6D4-DEDA717D406C}"
EndProject
Project("{8BC9CEB8-8B4A-11D0-8D11-00A0C91BC942}") = "Recursive Function", "Recursive Function\Recursive Function.vcxproj", "{EE7F51A8-17DD-4D44-8F37-59D4716650A6}"
EndProject
Project("{8BC9CEB8-8B4A-11D0-8D11-00A0C91BC942}") = "Structures", "Structures\Structures.vcxproj", "{03BCB1F3-BF7F-45CA-90F4-E8DEB5786EE7}"
EndProject
Project("{8BC9CEB8-8B4A-11D0-8D11-00A0C91BC942}") = "week5", "week5\week5.vcxproj", "{28D30DB8-DC37-4F4D-9BC3-6551C6B3EA94}"
EndProject
Project("{8BC9CEB8-8B4A-11D0-8D11-00A0C91BC942}") = "Points", "Points\Points.vcxproj", "{340A1525-8ACC-4484-A41E-EB0E9B1D75E0}"
EndProject
Project("{8BC9CEB8-8B4A-11D0-8D11-00A0C91BC942}") = "reference", "reference\reference.vcxproj", "{38266EA1-1BD2-440F-889A-F3B74AAB9366}"
EndProject
Project("{8BC9CEB8-8B4A-11D0-8D11-00A0C91BC942}") = "class", "class\class.vcxproj", "{61F33A59-6476-4972-887C-836867891BDF}"
EndProject
Project("{8BC9CEB8-8B4A-11D0-8D11-00A0C91BC942}") = "callstack", "callstack\callstack.vcxproj", "{C88F6D99-4A43-4D08-A952-8A2673CD1144}"
EndProject
Project("{8BC9CEB8-8B4A-11D0-8D11-00A0C91BC942}") = "labOO", "labOO\labOO.vcxproj", "{48644DA6-E346-4C37-BC7E-2CA44A4BE2C9}"
EndProject
Project("{8BC9CEB8-8B4A-11D0-8D11-00A0C91BC942}") = "week 6", "week 6\week 6.vcxproj", "{535ADB6C-4305-4874-908A-EDAD3BBBF0E8}"
EndProject
Global
	GlobalSection(SolutionConfigurationPlatforms) = preSolution
		Debug|x64 = Debug|x64
		Debug|x86 = Debug|x86
		Release|x64 = Release|x64
		Release|x86 = Release|x86
	EndGlobalSection
	GlobalSection(ProjectConfigurationPlatforms) = postSolution
		{4A15C1FE-77F9-4D80-A213-B2DC3686A933}.Debug|x64.ActiveCfg = Debug|x64
		{4A15C1FE-77F9-4D80-A213-B2DC3686A933}.Debug|x64.Build.0 = Debug|x64
		{4A15C1FE-77F9-4D80-A213-B2DC3686A933}.Debug|x86.ActiveCfg = Debug|Win32
		{4A15C1FE-77F9-4D80-A213-B2DC3686A933}.Debug|x86.Build.0 = Debug|Win32
		{4A15C1FE-77F9-4D80-A213-B2DC3686A933}.Release|x64.ActiveCfg = Release|x64
		{4A15C1FE-77F9-4D80-A213-B2DC3686A933}.Release|x64.Build.0 = Release|x64
		{4A15C1FE-77F9-4D80-A213-B2DC3686A933}.Release|x86.ActiveCfg = Release|Win32
		{4A15C1FE-77F9-4D80-A213-B2DC3686A933}.Release|x86.Build.0 = Release|Win32
		{F537BD65-0D5F-4FAD-8B8E-9782F9FCE5C5}.Debug|x64.ActiveCfg = Debug|x64
		{F537BD65-0D5F-4FAD-8B8E-9782F9FCE5C5}.Debug|x64.Build.0 = Debug|x64
		{F537BD65-0D5F-4FAD-8B8E-9782F9FCE5C5}.Debug|x86.ActiveCfg = Debug|Win32
		{F537BD65-0D5F-4FAD-8B8E-9782F9FCE5C5}.Debug|x86.Build.0 = Debug|Win32
		{F537BD65-0D5F-4FAD-8B8E-9782F9FCE5C5}.Release|x64.ActiveCfg = Release|x64
		{F537BD65-0D5F-4FAD-8B8E-9782F9FCE5C5}.Release|x64.Build.0 = Release|x64
		{F537BD65-0D5F-4FAD-8B8E-9782F9FCE5C5}.Release|x86.ActiveCfg = Release|Win32
		{F537BD65-0D5F-4FAD-8B8E-9782F9FCE5C5}.Release|x86.Build.0 = Release|Win32
		{9981F261-AAE4-4530-80AB-CEE38D03A0D3}.Debug|x64.ActiveCfg = Debug|x64
		{9981F261-AAE4-4530-80AB-CEE38D03A0D3}.Debug|x64.Build.0 = Debug|x64
		{9981F261-AAE4-4530-80AB-CEE38D03A0D3}.Debug|x86.ActiveCfg = Debug|Win32
		{9981F261-AAE4-4530-80AB-CEE38D03A0D3}.Debug|x86.Build.0 = Debug|Win32
		{9981F261-AAE4-4530-80AB-CEE38D03A0D3}.Release|x64.ActiveCfg = Release|x64
		{9981F261-AAE4-4530-80AB-CEE38D03A0D3}.Release|x64.Build.0 = Release|x64
		{9981F261-AAE4-4530-80AB-CEE38D03A0D3}.Release|x86.ActiveCfg = Release|Win32
		{9981F261-AAE4-4530-80AB-CEE38D03A0D3}.Release|x86.Build.0 = Release|Win32
		{BE7EDB1F-42AF-44B9-A6D4-DEDA717D406C}.Debug|x64.ActiveCfg = Debug|x64
		{BE7EDB1F-42AF-44B9-A6D4-DEDA717D406C}.Debug|x64.Build.0 = Debug|x64
		{BE7EDB1F-42AF-44B9-A6D4-DEDA717D406C}.Debug|x86.ActiveCfg = Debug|Win32
		{BE7EDB1F-42AF-44B9-A6D4-DEDA717D406C}.Debug|x86.Build.0 = Debug|Win32
		{BE7EDB1F-42AF-44B9-A6D4-DEDA717D406C}.Release|x64.ActiveCfg = Release|x64
		{BE7EDB1F-42AF-44B9-A6D4-DEDA717D406C}.Release|x64.Build.0 = Release|x64
		{BE7EDB1F-42AF-44B9-A6D4-DEDA717D406C}.Release|x86.ActiveCfg = Release|Win32
		{BE7EDB1F-42AF-44B9-A6D4-DEDA717D406C}.Release|x86.Build.0 = Release|Win32
		{EE7F51A8-17DD-4D44-8F37-59D4716650A6}.Debug|x64.ActiveCfg = Debug|x64
		{EE7F51A8-17DD-4D44-8F37-59D4716650A6}.Debug|x64.Build.0 = Debug|x64
		{EE7F51A8-17DD-4D44-8F37-59D4716650A6}.Debug|x86.ActiveCfg = Debug|Win32
		{EE7F51A8-17DD-4D44-8F37-59D4716650A6}.Debug|x86.Build.0 = Debug|Win32
		{EE7F51A8-17DD-4D44-8F37-59D4716650A6}.Release|x64.ActiveCfg = Release|x64
		{EE7F51A8-17DD-4D44-8F37-59D4716650A6}.Release|x64.Build.0 = Release|x64
		{EE7F51A8-17DD-4D44-8F37-59D4716650A6}.Release|x86.ActiveCfg = Release|Win32
		{EE7F51A8-17DD-4D44-8F37-59D4716650A6}.Release|x86.Build.0 = Release|Win32
		{03BCB1F3-BF7F-45CA-90F4-E8DEB5786EE7}.Debug|x64.ActiveCfg = Debug|x64
		{03BCB1F3-BF7F-45CA-90F4-E8DEB5786EE7}.Debug|x64.Build.0 = Debug|x64
		{03BCB1F3-BF7F-45CA-90F4-E8DEB5786EE7}.Debug|x86.ActiveCfg = Debug|Win32
		{03BCB1F3-BF7F-45CA-90F4-E8DEB5786EE7}.Debug|x86.Build.0 = Debug|Win32
		{03BCB1F3-BF7F-45CA-90F4-E8DEB5786EE7}.Release|x64.ActiveCfg = Release|x64
		{03BCB1F3-BF7F-45CA-90F4-E8DEB5786EE7}.Release|x64.Build.0 = Release|x64
		{03BCB1F3-BF7F-45CA-90F4-E8DEB5786EE7}.Release|x86.ActiveCfg = Release|Win32
		{03BCB1F3-BF7F-45CA-90F4-E8DEB5786EE7}.Release|x86.Build.0 = Release|Win32
		{28D30DB8-DC37-4F4D-9BC3-6551C6B3EA94}.Debug|x64.ActiveCfg = Debug|x64
		{28D30DB8-DC37-4F4D-9BC3-6551C6B3EA94}.Debug|x64.Build.0 = Debug|x64
		{28D30DB8-DC37-4F4D-9BC3-6551C6B3EA94}.Debug|x86.ActiveCfg = Debug|Win32
		{28D30DB8-DC37-4F4D-9BC3-6551C6B3EA94}.Debug|x86.Build.0 = Debug|Win32
		{28D30DB8-DC37-4F4D-9BC3-6551C6B3EA94}.Release|x64.ActiveCfg = Release|x64
		{28D30DB8-DC37-4F4D-9BC3-6551C6B3EA94}.Release|x64.Build.0 = Release|x64
		{28D30DB8-DC37-4F4D-9BC3-6551C6B3EA94}.Release|x86.ActiveCfg = Release|Win32
		{28D30DB8-DC37-4F4D-9BC3-6551C6B3EA94}.Release|x86.Build.0 = Release|Win32
		{340A1525-8ACC-4484-A41E-EB0E9B1D75E0}.Debug|x64.ActiveCfg = Debug|x64
		{340A1525-8ACC-4484-A41E-EB0E9B1D75E0}.Debug|x64.Build.0 = Debug|x64
		{340A1525-8ACC-4484-A41E-EB0E9B1D75E0}.Debug|x86.ActiveCfg = Debug|Win32
		{340A1525-8ACC-4484-A41E-EB0E9B1D75E0}.Debug|x86.Build.0 = Debug|Win32
		{340A1525-8ACC-4484-A41E-EB0E9B1D75E0}.Release|x64.ActiveCfg = Release|x64
		{340A1525-8ACC-4484-A41E-EB0E9B1D75E0}.Release|x64.Build.0 = Release|x64
		{340A1525-8ACC-4484-A41E-EB0E9B1D75E0}.Release|x86.ActiveCfg = Release|Win32
		{340A1525-8ACC-4484-A41E-EB0E9B1D75E0}.Release|x86.Build.0 = Release|Win32
		{38266EA1-1BD2-440F-889A-F3B74AAB9366}.Debug|x64.ActiveCfg = Debug|x64
		{38266EA1-1BD2-440F-889A-F3B74AAB9366}.Debug|x64.Build.0 = Debug|x64
		{38266EA1-1BD2-440F-889A-F3B74AAB9366}.Debug|x86.ActiveCfg = Debug|Win32
		{38266EA1-1BD2-440F-889A-F3B74AAB9366}.Debug|x86.Build.0 = Debug|Win32
		{38266EA1-1BD2-440F-889A-F3B74AAB9366}.Release|x64.ActiveCfg = Release|x64
		{38266EA1-1BD2-440F-889A-F3B74AAB9366}.Release|x64.Build.0 = Release|x64
		{38266EA1-1BD2-440F-889A-F3B74AAB9366}.Release|x86.ActiveCfg = Release|Win32
		{38266EA1-1BD2-440F-889A-F3B74AAB9366}.Release|x86.Build.0 = Release|Win32
		{61F33A59-6476-4972-887C-836867891BDF}.Debug|x64.ActiveCfg = Debug|x64
		{61F33A59-6476-4972-887C-836867891BDF}.Debug|x64.Build.0 = Debug|x64
		{61F33A59-6476-4972-887C-836867891BDF}.Debug|x86.ActiveCfg = Debug|Win32
		{61F33A59-6476-4972-887C-836867891BDF}.Debug|x86.Build.0 = Debug|Win32
		{61F33A59-6476-4972-887C-836867891BDF}.Release|x64.ActiveCfg = Release|x64
		{61F33A59-6476-4972-887C-836867891BDF}.Release|x64.Build.0 = Release|x64
		{61F33A59-6476-4972-887C-836867891BDF}.Release|x86.ActiveCfg = Release|Win32
		{61F33A59-6476-4972-887C-836867891BDF}.Release|x86.Build.0 = Release|Win32
		{C88F6D99-4A43-4D08-A952-8A2673CD1144}.Debug|x64.ActiveCfg = Debug|x64
		{C88F6D99-4A43-4D08-A952-8A2673CD1144}.Debug|x64.Build.0 = Debug|x64
		{C88F6D99-4A43-4D08-A952-8A2673CD1144}.Debug|x86.ActiveCfg = Debug|Win32
		{C88F6D99-4A43-4D08-A952-8A2673CD1144}.Debug|x86.Build.0 = Debug|Win32
		{C88F6D99-4A43-4D08-A952-8A2673CD1144}.Release|x64.ActiveCfg = Release|x64
		{C88F6D99-4A43-4D08-A952-8A2673CD1144}.Release|x64.Build.0 = Release|x64
		{C88F6D99-4A43-4D08-A952-8A2673CD1144}.Release|x86.ActiveCfg = Release|Win32
		{C88F6D99-4A43-4D08-A952-8A2673CD1144}.Release|x86.Build.0 = Release|Win32
		{48644DA6-E346-4C37-BC7E-2CA44A4BE2C9}.Debug|x64.ActiveCfg = Debug|x64
		{48644DA6-E346-4C37-BC7E-2CA44A4BE2C9}.Debug|x64.Build.0 = Debug|x64
		{48644DA6-E346-4C37-BC7E-2CA44A4BE2C9}.Debug|x86.ActiveCfg = Debug|Win32
		{48644DA6-E346-4C37-BC7E-2CA44A4BE2C9}.Debug|x86.Build.0 = Debug|Win32
		{48644DA6-E346-4C37-BC7E-2CA44A4BE2C9}.Release|x64.ActiveCfg = Release|x64
		{48644DA6-E346-4C37-BC7E-2CA44A4BE2C9}.Release|x64.Build.0 = Release|x64
		{48644DA6-E346-4C37-BC7E-2CA44A4BE2C9}.Release|x86.ActiveCfg = Release|Win32
		{48644DA6-E346-4C37-BC7E-2CA44A4BE2C9}.Release|x86.Build.0 = Release|Win32
		{535ADB6C-4305-4874-908A-EDAD3BBBF0E8}.Debug|x64.ActiveCfg = Debug|x64
		{535ADB6C-4305-4874-908A-EDAD3BBBF0E8}.Debug|x64.Build.0 = Debug|x64
		{535ADB6C-4305-4874-908A-EDAD3BBBF0E8}.Debug|x86.ActiveCfg = Debug|Win32
		{535ADB6C-4305-4874-908A-EDAD3BBBF0E8}.Debug|x86.Build.0 = Debug|Win32
		{535ADB6C-4305-4874-908A-EDAD3BBBF0E8}.Release|x64.ActiveCfg = Release|x64
		{535ADB6C-4305-4874-908A-EDAD3BBBF0E8}.Release|x64.Build.0 = Release|x64
		{535ADB6C-4305-4874-908A-EDAD3BBBF0E8}.Release|x86.ActiveCfg = Release|Win32
		{535ADB6C-4305-4874-908A-EDAD3BBBF0E8}.Release|x86.Build.0 = Release|Win32
	EndGlobalSection
	GlobalSection(SolutionProperties) = preSolution
		HideSolutionNode = FALSE
	EndGlobalSection
	GlobalSection(ExtensibilityGlobals) = postSolution
		SolutionGuid = {2A718A6A-8A0E-476B-AAA0-A52D031871EC}
	EndGlobalSection
EndGlobal
